// !$*UTF8*$!
{
	archiveVersion = 1;
	classes = {
	};
	objectVersion = 50;
	objects = {

/* Begin PBXBuildFile section */
		362BD4BA221B8A5F006B010B /* CreateOrderDelegate.swift in Sources */ = {isa = PBXBuildFile; fileRef = 362BD4B9221B8A5E006B010B /* CreateOrderDelegate.swift */; };
		362BD4BD221B8B97006B010B /* CreateOrderFactory.swift in Sources */ = {isa = PBXBuildFile; fileRef = 362BD4BC221B8B97006B010B /* CreateOrderFactory.swift */; };
		362BD4BF221B8EDA006B010B /* ConfirmOrderFactory.swift in Sources */ = {isa = PBXBuildFile; fileRef = 362BD4BE221B8EDA006B010B /* ConfirmOrderFactory.swift */; };
		362BD4C3221B92E3006B010B /* ConfirmOrderDelegate.swift in Sources */ = {isa = PBXBuildFile; fileRef = 362BD4C2221B92E3006B010B /* ConfirmOrderDelegate.swift */; };
		36319821221B6F5700006002 /* AppDelegate.swift in Sources */ = {isa = PBXBuildFile; fileRef = 36319820221B6F5700006002 /* AppDelegate.swift */; };
		36319828221B6F5800006002 /* Assets.xcassets in Resources */ = {isa = PBXBuildFile; fileRef = 36319827221B6F5800006002 /* Assets.xcassets */; };
		3631982B221B6F5800006002 /* LaunchScreen.storyboard in Resources */ = {isa = PBXBuildFile; fileRef = 36319829221B6F5800006002 /* LaunchScreen.storyboard */; };
		36563D44221B7E3E00FFA0DA /* CodeView.swift in Sources */ = {isa = PBXBuildFile; fileRef = 36563D43221B7E3E00FFA0DA /* CodeView.swift */; };
		36563D51221B7EFF00FFA0DA /* CreateOrderViewController.swift in Sources */ = {isa = PBXBuildFile; fileRef = 36563D50221B7EFF00FFA0DA /* CreateOrderViewController.swift */; };
		36563D53221B7F1E00FFA0DA /* CreateOrderView.swift in Sources */ = {isa = PBXBuildFile; fileRef = 36563D52221B7F1E00FFA0DA /* CreateOrderView.swift */; };
		36563D55221B7F3F00FFA0DA /* CreateOrderInteractor.swift in Sources */ = {isa = PBXBuildFile; fileRef = 36563D54221B7F3F00FFA0DA /* CreateOrderInteractor.swift */; };
		36563D5B221B7F7D00FFA0DA /* ConfirmOrderViewController.swift in Sources */ = {isa = PBXBuildFile; fileRef = 36563D5A221B7F7D00FFA0DA /* ConfirmOrderViewController.swift */; };
		36563D5D221B7F8F00FFA0DA /* ConfirmOrderView.swift in Sources */ = {isa = PBXBuildFile; fileRef = 36563D5C221B7F8F00FFA0DA /* ConfirmOrderView.swift */; };
		36563D5F221B800000FFA0DA /* CreateOrderPresenter.swift in Sources */ = {isa = PBXBuildFile; fileRef = 36563D5E221B800000FFA0DA /* CreateOrderPresenter.swift */; };
		36563D61221B800900FFA0DA /* CreateOrderEntity.swift in Sources */ = {isa = PBXBuildFile; fileRef = 36563D60221B800900FFA0DA /* CreateOrderEntity.swift */; };
		36563D63221B801000FFA0DA /* CreateOrderRouter.swift in Sources */ = {isa = PBXBuildFile; fileRef = 36563D62221B801000FFA0DA /* CreateOrderRouter.swift */; };
		36563D65221B801A00FFA0DA /* ConfirmOrderInteractor.swift in Sources */ = {isa = PBXBuildFile; fileRef = 36563D64221B801A00FFA0DA /* ConfirmOrderInteractor.swift */; };
		36563D67221B802200FFA0DA /* ConfirmOrderPresenter.swift in Sources */ = {isa = PBXBuildFile; fileRef = 36563D66221B802200FFA0DA /* ConfirmOrderPresenter.swift */; };
		36563D69221B808800FFA0DA /* ConfirmOrderEntity.swift in Sources */ = {isa = PBXBuildFile; fileRef = 36563D68221B808800FFA0DA /* ConfirmOrderEntity.swift */; };
		36563D6B221B808F00FFA0DA /* ConfirmOrderRouter.swift in Sources */ = {isa = PBXBuildFile; fileRef = 36563D6A221B808F00FFA0DA /* ConfirmOrderRouter.swift */; };
		36563D6D221B80B300FFA0DA /* CreateOrderViewProtocol.swift in Sources */ = {isa = PBXBuildFile; fileRef = 36563D6C221B80B300FFA0DA /* CreateOrderViewProtocol.swift */; };
		36563D6F221B80C400FFA0DA /* CreateOrderPresenterProtocol.swift in Sources */ = {isa = PBXBuildFile; fileRef = 36563D6E221B80C400FFA0DA /* CreateOrderPresenterProtocol.swift */; };
		36563D71221B80CF00FFA0DA /* CreateOrderInputInteractorProtocol.swift in Sources */ = {isa = PBXBuildFile; fileRef = 36563D70221B80CF00FFA0DA /* CreateOrderInputInteractorProtocol.swift */; };
		36563D73221B80DF00FFA0DA /* CreateOrderOutputInteractorProtocol.swift in Sources */ = {isa = PBXBuildFile; fileRef = 36563D72221B80DF00FFA0DA /* CreateOrderOutputInteractorProtocol.swift */; };
		36563D75221B80EA00FFA0DA /* CreateOrderWireframeProtocol.swift in Sources */ = {isa = PBXBuildFile; fileRef = 36563D74221B80EA00FFA0DA /* CreateOrderWireframeProtocol.swift */; };
		36563D77221B811C00FFA0DA /* ConfirmOrderViewProtocol.swift in Sources */ = {isa = PBXBuildFile; fileRef = 36563D76221B811C00FFA0DA /* ConfirmOrderViewProtocol.swift */; };
		36563D79221B812400FFA0DA /* ConfirmOrderPresenterProtocol.swift in Sources */ = {isa = PBXBuildFile; fileRef = 36563D78221B812400FFA0DA /* ConfirmOrderPresenterProtocol.swift */; };
		36563D7B221B812D00FFA0DA /* ConfirmOrderInputInteractorProtocol.swift in Sources */ = {isa = PBXBuildFile; fileRef = 36563D7A221B812D00FFA0DA /* ConfirmOrderInputInteractorProtocol.swift */; };
		36563D7F221B814B00FFA0DA /* ConfirmOrderOutputInteractorProtocol.swift in Sources */ = {isa = PBXBuildFile; fileRef = 36563D7E221B814B00FFA0DA /* ConfirmOrderOutputInteractorProtocol.swift */; };
		36563D81221B815500FFA0DA /* ConfirmOrderWireframeProtocol.swift in Sources */ = {isa = PBXBuildFile; fileRef = 36563D80221B815500FFA0DA /* ConfirmOrderWireframeProtocol.swift */; };
		5811964FA1BA97210BA39DD3 /* Pods_Viper.framework in Frameworks */ = {isa = PBXBuildFile; fileRef = 7AC4CF1D664FB7A96B27957E /* Pods_Viper.framework */; };
/* End PBXBuildFile section */

/* Begin PBXFileReference section */
		362BD4B9221B8A5E006B010B /* CreateOrderDelegate.swift */ = {isa = PBXFileReference; lastKnownFileType = sourcecode.swift; path = CreateOrderDelegate.swift; sourceTree = "<group>"; };
		362BD4BC221B8B97006B010B /* CreateOrderFactory.swift */ = {isa = PBXFileReference; lastKnownFileType = sourcecode.swift; path = CreateOrderFactory.swift; sourceTree = "<group>"; };
		362BD4BE221B8EDA006B010B /* ConfirmOrderFactory.swift */ = {isa = PBXFileReference; lastKnownFileType = sourcecode.swift; path = ConfirmOrderFactory.swift; sourceTree = "<group>"; };
		362BD4C2221B92E3006B010B /* ConfirmOrderDelegate.swift */ = {isa = PBXFileReference; lastKnownFileType = sourcecode.swift; path = ConfirmOrderDelegate.swift; sourceTree = "<group>"; };
		3631981D221B6F5700006002 /* Viper.app */ = {isa = PBXFileReference; explicitFileType = wrapper.application; includeInIndex = 0; path = Viper.app; sourceTree = BUILT_PRODUCTS_DIR; };
		36319820221B6F5700006002 /* AppDelegate.swift */ = {isa = PBXFileReference; lastKnownFileType = sourcecode.swift; path = AppDelegate.swift; sourceTree = "<group>"; };
		36319827221B6F5800006002 /* Assets.xcassets */ = {isa = PBXFileReference; lastKnownFileType = folder.assetcatalog; path = Assets.xcassets; sourceTree = "<group>"; };
		3631982A221B6F5800006002 /* Base */ = {isa = PBXFileReference; lastKnownFileType = file.storyboard; name = Base; path = Base.lproj/LaunchScreen.storyboard; sourceTree = "<group>"; };
		3631982C221B6F5800006002 /* Info.plist */ = {isa = PBXFileReference; lastKnownFileType = text.plist.xml; path = Info.plist; sourceTree = "<group>"; };
		36563D43221B7E3E00FFA0DA /* CodeView.swift */ = {isa = PBXFileReference; lastKnownFileType = sourcecode.swift; path = CodeView.swift; sourceTree = "<group>"; };
		36563D50221B7EFF00FFA0DA /* CreateOrderViewController.swift */ = {isa = PBXFileReference; lastKnownFileType = sourcecode.swift; path = CreateOrderViewController.swift; sourceTree = "<group>"; };
		36563D52221B7F1E00FFA0DA /* CreateOrderView.swift */ = {isa = PBXFileReference; lastKnownFileType = sourcecode.swift; path = CreateOrderView.swift; sourceTree = "<group>"; };
		36563D54221B7F3F00FFA0DA /* CreateOrderInteractor.swift */ = {isa = PBXFileReference; lastKnownFileType = sourcecode.swift; path = CreateOrderInteractor.swift; sourceTree = "<group>"; };
		36563D5A221B7F7D00FFA0DA /* ConfirmOrderViewController.swift */ = {isa = PBXFileReference; lastKnownFileType = sourcecode.swift; path = ConfirmOrderViewController.swift; sourceTree = "<group>"; };
		36563D5C221B7F8F00FFA0DA /* ConfirmOrderView.swift */ = {isa = PBXFileReference; lastKnownFileType = sourcecode.swift; path = ConfirmOrderView.swift; sourceTree = "<group>"; };
		36563D5E221B800000FFA0DA /* CreateOrderPresenter.swift */ = {isa = PBXFileReference; lastKnownFileType = sourcecode.swift; path = CreateOrderPresenter.swift; sourceTree = "<group>"; };
		36563D60221B800900FFA0DA /* CreateOrderEntity.swift */ = {isa = PBXFileReference; lastKnownFileType = sourcecode.swift; path = CreateOrderEntity.swift; sourceTree = "<group>"; };
		36563D62221B801000FFA0DA /* CreateOrderRouter.swift */ = {isa = PBXFileReference; lastKnownFileType = sourcecode.swift; path = CreateOrderRouter.swift; sourceTree = "<group>"; };
		36563D64221B801A00FFA0DA /* ConfirmOrderInteractor.swift */ = {isa = PBXFileReference; lastKnownFileType = sourcecode.swift; path = ConfirmOrderInteractor.swift; sourceTree = "<group>"; };
		36563D66221B802200FFA0DA /* ConfirmOrderPresenter.swift */ = {isa = PBXFileReference; lastKnownFileType = sourcecode.swift; path = ConfirmOrderPresenter.swift; sourceTree = "<group>"; };
		36563D68221B808800FFA0DA /* ConfirmOrderEntity.swift */ = {isa = PBXFileReference; lastKnownFileType = sourcecode.swift; path = ConfirmOrderEntity.swift; sourceTree = "<group>"; };
		36563D6A221B808F00FFA0DA /* ConfirmOrderRouter.swift */ = {isa = PBXFileReference; lastKnownFileType = sourcecode.swift; path = ConfirmOrderRouter.swift; sourceTree = "<group>"; };
		36563D6C221B80B300FFA0DA /* CreateOrderViewProtocol.swift */ = {isa = PBXFileReference; lastKnownFileType = sourcecode.swift; path = CreateOrderViewProtocol.swift; sourceTree = "<group>"; };
		36563D6E221B80C400FFA0DA /* CreateOrderPresenterProtocol.swift */ = {isa = PBXFileReference; lastKnownFileType = sourcecode.swift; path = CreateOrderPresenterProtocol.swift; sourceTree = "<group>"; };
		36563D70221B80CF00FFA0DA /* CreateOrderInputInteractorProtocol.swift */ = {isa = PBXFileReference; lastKnownFileType = sourcecode.swift; path = CreateOrderInputInteractorProtocol.swift; sourceTree = "<group>"; };
		36563D72221B80DF00FFA0DA /* CreateOrderOutputInteractorProtocol.swift */ = {isa = PBXFileReference; lastKnownFileType = sourcecode.swift; path = CreateOrderOutputInteractorProtocol.swift; sourceTree = "<group>"; };
		36563D74221B80EA00FFA0DA /* CreateOrderWireframeProtocol.swift */ = {isa = PBXFileReference; lastKnownFileType = sourcecode.swift; path = CreateOrderWireframeProtocol.swift; sourceTree = "<group>"; };
		36563D76221B811C00FFA0DA /* ConfirmOrderViewProtocol.swift */ = {isa = PBXFileReference; lastKnownFileType = sourcecode.swift; path = ConfirmOrderViewProtocol.swift; sourceTree = "<group>"; };
		36563D78221B812400FFA0DA /* ConfirmOrderPresenterProtocol.swift */ = {isa = PBXFileReference; lastKnownFileType = sourcecode.swift; path = ConfirmOrderPresenterProtocol.swift; sourceTree = "<group>"; };
		36563D7A221B812D00FFA0DA /* ConfirmOrderInputInteractorProtocol.swift */ = {isa = PBXFileReference; lastKnownFileType = sourcecode.swift; path = ConfirmOrderInputInteractorProtocol.swift; sourceTree = "<group>"; };
		36563D7E221B814B00FFA0DA /* ConfirmOrderOutputInteractorProtocol.swift */ = {isa = PBXFileReference; lastKnownFileType = sourcecode.swift; path = ConfirmOrderOutputInteractorProtocol.swift; sourceTree = "<group>"; };
		36563D80221B815500FFA0DA /* ConfirmOrderWireframeProtocol.swift */ = {isa = PBXFileReference; lastKnownFileType = sourcecode.swift; path = ConfirmOrderWireframeProtocol.swift; sourceTree = "<group>"; };
		65B7915A965FE75CDAA10C81 /* Pods-Viper.debug.xcconfig */ = {isa = PBXFileReference; includeInIndex = 1; lastKnownFileType = text.xcconfig; name = "Pods-Viper.debug.xcconfig"; path = "Pods/Target Support Files/Pods-Viper/Pods-Viper.debug.xcconfig"; sourceTree = "<group>"; };
		7AC4CF1D664FB7A96B27957E /* Pods_Viper.framework */ = {isa = PBXFileReference; explicitFileType = wrapper.framework; includeInIndex = 0; path = Pods_Viper.framework; sourceTree = BUILT_PRODUCTS_DIR; };
		E40FAE1A84AB8C3FFF925AF5 /* Pods-Viper.release.xcconfig */ = {isa = PBXFileReference; includeInIndex = 1; lastKnownFileType = text.xcconfig; name = "Pods-Viper.release.xcconfig"; path = "Pods/Target Support Files/Pods-Viper/Pods-Viper.release.xcconfig"; sourceTree = "<group>"; };
/* End PBXFileReference section */

/* Begin PBXFrameworksBuildPhase section */
		3631981A221B6F5700006002 /* Frameworks */ = {
			isa = PBXFrameworksBuildPhase;
			buildActionMask = 2147483647;
			files = (
				5811964FA1BA97210BA39DD3 /* Pods_Viper.framework in Frameworks */,
			);
			runOnlyForDeploymentPostprocessing = 0;
		};
/* End PBXFrameworksBuildPhase section */

/* Begin PBXGroup section */
		28A6A455F6C8E659E861959A /* Frameworks */ = {
			isa = PBXGroup;
			children = (
				7AC4CF1D664FB7A96B27957E /* Pods_Viper.framework */,
			);
			name = Frameworks;
			sourceTree = "<group>";
		};
		362BD4BB221B8B87006B010B /* Factory */ = {
			isa = PBXGroup;
			children = (
				362BD4BC221B8B97006B010B /* CreateOrderFactory.swift */,
				362BD4BE221B8EDA006B010B /* ConfirmOrderFactory.swift */,
			);
			path = Factory;
			sourceTree = "<group>";
		};
		36319814221B6F5700006002 = {
			isa = PBXGroup;
			children = (
				3631981F221B6F5700006002 /* Viper */,
				3631981E221B6F5700006002 /* Products */,
				82DED91859E006C6AE004461 /* Pods */,
				28A6A455F6C8E659E861959A /* Frameworks */,
			);
			sourceTree = "<group>";
		};
		3631981E221B6F5700006002 /* Products */ = {
			isa = PBXGroup;
			children = (
				3631981D221B6F5700006002 /* Viper.app */,
			);
			name = Products;
			sourceTree = "<group>";
		};
		3631981F221B6F5700006002 /* Viper */ = {
			isa = PBXGroup;
			children = (
				36EC96A2221B6FB800B54969 /* Misc */,
				362BD4BB221B8B87006B010B /* Factory */,
				36EC96A1221B6FB200B54969 /* Scenes */,
				3631982C221B6F5800006002 /* Info.plist */,
			);
			path = Viper;
			sourceTree = "<group>";
		};
		36563D40221B6FF300FFA0DA /* CreateOrder */ = {
			isa = PBXGroup;
			children = (
				36563D59221B7F5100FFA0DA /* Protocols */,
				36563D4F221B7ECD00FFA0DA /* Router */,
				36563D4E221B7ECC00FFA0DA /* Entity */,
				36563D4D221B7ECC00FFA0DA /* Presenter */,
				36563D4C221B7ECB00FFA0DA /* Interactor */,
				36563D4B221B7ECA00FFA0DA /* Views */,
			);
			path = CreateOrder;
			sourceTree = "<group>";
		};
		36563D41221B6FF900FFA0DA /* ConfirmOrder */ = {
			isa = PBXGroup;
			children = (
				36563D58221B7F4C00FFA0DA /* Protocols */,
				36563D4A221B7EC800FFA0DA /* Router */,
				36563D49221B7EC700FFA0DA /* Entity */,
				36563D48221B7EC700FFA0DA /* Presenter */,
				36563D47221B7EC600FFA0DA /* Interactor */,
				36563D45221B7EC100FFA0DA /* View */,
			);
			path = ConfirmOrder;
			sourceTree = "<group>";
		};
		36563D42221B6FFE00FFA0DA /* Common */ = {
			isa = PBXGroup;
			children = (
				36563D43221B7E3E00FFA0DA /* CodeView.swift */,
			);
			path = Common;
			sourceTree = "<group>";
		};
		36563D45221B7EC100FFA0DA /* View */ = {
			isa = PBXGroup;
			children = (
				36563D5A221B7F7D00FFA0DA /* ConfirmOrderViewController.swift */,
				36563D5C221B7F8F00FFA0DA /* ConfirmOrderView.swift */,
			);
			path = View;
			sourceTree = "<group>";
		};
		36563D47221B7EC600FFA0DA /* Interactor */ = {
			isa = PBXGroup;
			children = (
				36563D64221B801A00FFA0DA /* ConfirmOrderInteractor.swift */,
			);
			path = Interactor;
			sourceTree = "<group>";
		};
		36563D48221B7EC700FFA0DA /* Presenter */ = {
			isa = PBXGroup;
			children = (
				36563D66221B802200FFA0DA /* ConfirmOrderPresenter.swift */,
			);
			path = Presenter;
			sourceTree = "<group>";
		};
		36563D49221B7EC700FFA0DA /* Entity */ = {
			isa = PBXGroup;
			children = (
				36563D68221B808800FFA0DA /* ConfirmOrderEntity.swift */,
			);
			path = Entity;
			sourceTree = "<group>";
		};
		36563D4A221B7EC800FFA0DA /* Router */ = {
			isa = PBXGroup;
			children = (
				36563D6A221B808F00FFA0DA /* ConfirmOrderRouter.swift */,
			);
			path = Router;
			sourceTree = "<group>";
		};
		36563D4B221B7ECA00FFA0DA /* Views */ = {
			isa = PBXGroup;
			children = (
				36563D50221B7EFF00FFA0DA /* CreateOrderViewController.swift */,
				36563D52221B7F1E00FFA0DA /* CreateOrderView.swift */,
			);
			path = Views;
			sourceTree = "<group>";
		};
		36563D4C221B7ECB00FFA0DA /* Interactor */ = {
			isa = PBXGroup;
			children = (
				36563D54221B7F3F00FFA0DA /* CreateOrderInteractor.swift */,
			);
			path = Interactor;
			sourceTree = "<group>";
		};
		36563D4D221B7ECC00FFA0DA /* Presenter */ = {
			isa = PBXGroup;
			children = (
				36563D5E221B800000FFA0DA /* CreateOrderPresenter.swift */,
			);
			path = Presenter;
			sourceTree = "<group>";
		};
		36563D4E221B7ECC00FFA0DA /* Entity */ = {
			isa = PBXGroup;
			children = (
				36563D60221B800900FFA0DA /* CreateOrderEntity.swift */,
			);
			path = Entity;
			sourceTree = "<group>";
		};
		36563D4F221B7ECD00FFA0DA /* Router */ = {
			isa = PBXGroup;
			children = (
				36563D62221B801000FFA0DA /* CreateOrderRouter.swift */,
			);
			path = Router;
			sourceTree = "<group>";
		};
		36563D58221B7F4C00FFA0DA /* Protocols */ = {
			isa = PBXGroup;
			children = (
				36563D76221B811C00FFA0DA /* ConfirmOrderViewProtocol.swift */,
				36563D78221B812400FFA0DA /* ConfirmOrderPresenterProtocol.swift */,
				36563D7A221B812D00FFA0DA /* ConfirmOrderInputInteractorProtocol.swift */,
				36563D7E221B814B00FFA0DA /* ConfirmOrderOutputInteractorProtocol.swift */,
				36563D80221B815500FFA0DA /* ConfirmOrderWireframeProtocol.swift */,
				362BD4C2221B92E3006B010B /* ConfirmOrderDelegate.swift */,
			);
			path = Protocols;
			sourceTree = "<group>";
		};
		36563D59221B7F5100FFA0DA /* Protocols */ = {
			isa = PBXGroup;
			children = (
				36563D6C221B80B300FFA0DA /* CreateOrderViewProtocol.swift */,
				36563D6E221B80C400FFA0DA /* CreateOrderPresenterProtocol.swift */,
				36563D70221B80CF00FFA0DA /* CreateOrderInputInteractorProtocol.swift */,
				36563D72221B80DF00FFA0DA /* CreateOrderOutputInteractorProtocol.swift */,
				36563D74221B80EA00FFA0DA /* CreateOrderWireframeProtocol.swift */,
				362BD4B9221B8A5E006B010B /* CreateOrderDelegate.swift */,
			);
			path = Protocols;
			sourceTree = "<group>";
		};
		36EC96A1221B6FB200B54969 /* Scenes */ = {
			isa = PBXGroup;
			children = (
				36563D42221B6FFE00FFA0DA /* Common */,
				36563D41221B6FF900FFA0DA /* ConfirmOrder */,
				36563D40221B6FF300FFA0DA /* CreateOrder */,
			);
			path = Scenes;
			sourceTree = "<group>";
		};
		36EC96A2221B6FB800B54969 /* Misc */ = {
			isa = PBXGroup;
			children = (
				36319820221B6F5700006002 /* AppDelegate.swift */,
				36319827221B6F5800006002 /* Assets.xcassets */,
				36319829221B6F5800006002 /* LaunchScreen.storyboard */,
			);
			path = Misc;
			sourceTree = "<group>";
		};
		82DED91859E006C6AE004461 /* Pods */ = {
			isa = PBXGroup;
			children = (
				65B7915A965FE75CDAA10C81 /* Pods-Viper.debug.xcconfig */,
				E40FAE1A84AB8C3FFF925AF5 /* Pods-Viper.release.xcconfig */,
			);
			name = Pods;
			sourceTree = "<group>";
		};
/* End PBXGroup section */

/* Begin PBXNativeTarget section */
		3631981C221B6F5700006002 /* Viper */ = {
			isa = PBXNativeTarget;
			buildConfigurationList = 3631982F221B6F5800006002 /* Build configuration list for PBXNativeTarget "Viper" */;
			buildPhases = (
				C497E46EA397101A395DD188 /* [CP] Check Pods Manifest.lock */,
				36319819221B6F5700006002 /* Sources */,
				3631981A221B6F5700006002 /* Frameworks */,
				3631981B221B6F5700006002 /* Resources */,
				872B49B9D6B9D64EAD2F7EBB /* [CP] Embed Pods Frameworks */,
			);
			buildRules = (
			);
			dependencies = (
			);
			name = Viper;
			productName = Viper;
			productReference = 3631981D221B6F5700006002 /* Viper.app */;
			productType = "com.apple.product-type.application";
		};
/* End PBXNativeTarget section */

/* Begin PBXProject section */
		36319815221B6F5700006002 /* Project object */ = {
			isa = PBXProject;
			attributes = {
				LastSwiftUpdateCheck = 1010;
				LastUpgradeCheck = 1010;
				ORGANIZATIONNAME = "Ricardo Rachaus";
				TargetAttributes = {
					3631981C221B6F5700006002 = {
						CreatedOnToolsVersion = 10.1;
					};
				};
			};
			buildConfigurationList = 36319818221B6F5700006002 /* Build configuration list for PBXProject "Viper" */;
			compatibilityVersion = "Xcode 9.3";
			developmentRegion = en;
			hasScannedForEncodings = 0;
			knownRegions = (
				en,
				Base,
			);
			mainGroup = 36319814221B6F5700006002;
			productRefGroup = 3631981E221B6F5700006002 /* Products */;
			projectDirPath = "";
			projectRoot = "";
			targets = (
				3631981C221B6F5700006002 /* Viper */,
			);
		};
/* End PBXProject section */

/* Begin PBXResourcesBuildPhase section */
		3631981B221B6F5700006002 /* Resources */ = {
			isa = PBXResourcesBuildPhase;
			buildActionMask = 2147483647;
			files = (
				3631982B221B6F5800006002 /* LaunchScreen.storyboard in Resources */,
				36319828221B6F5800006002 /* Assets.xcassets in Resources */,
			);
			runOnlyForDeploymentPostprocessing = 0;
		};
/* End PBXResourcesBuildPhase section */

/* Begin PBXShellScriptBuildPhase section */
		872B49B9D6B9D64EAD2F7EBB /* [CP] Embed Pods Frameworks */ = {
			isa = PBXShellScriptBuildPhase;
			buildActionMask = 2147483647;
			files = (
			);
			inputFileListPaths = (
			);
			inputPaths = (
				"${SRCROOT}/Pods/Target Support Files/Pods-Viper/Pods-Viper-frameworks.sh",
				"${BUILT_PRODUCTS_DIR}/SnapKit/SnapKit.framework",
			);
			name = "[CP] Embed Pods Frameworks";
			outputFileListPaths = (
			);
			outputPaths = (
				"${TARGET_BUILD_DIR}/${FRAMEWORKS_FOLDER_PATH}/SnapKit.framework",
			);
			runOnlyForDeploymentPostprocessing = 0;
			shellPath = /bin/sh;
			shellScript = "\"${SRCROOT}/Pods/Target Support Files/Pods-Viper/Pods-Viper-frameworks.sh\"\n";
			showEnvVarsInLog = 0;
		};
		C497E46EA397101A395DD188 /* [CP] Check Pods Manifest.lock */ = {
			isa = PBXShellScriptBuildPhase;
			buildActionMask = 2147483647;
			files = (
			);
			inputFileListPaths = (
			);
			inputPaths = (
				"${PODS_PODFILE_DIR_PATH}/Podfile.lock",
				"${PODS_ROOT}/Manifest.lock",
			);
			name = "[CP] Check Pods Manifest.lock";
			outputFileListPaths = (
			);
			outputPaths = (
				"$(DERIVED_FILE_DIR)/Pods-Viper-checkManifestLockResult.txt",
			);
			runOnlyForDeploymentPostprocessing = 0;
			shellPath = /bin/sh;
			shellScript = "diff \"${PODS_PODFILE_DIR_PATH}/Podfile.lock\" \"${PODS_ROOT}/Manifest.lock\" > /dev/null\nif [ $? != 0 ] ; then\n    # print error to STDERR\n    echo \"error: The sandbox is not in sync with the Podfile.lock. Run 'pod install' or update your CocoaPods installation.\" >&2\n    exit 1\nfi\n# This output is used by Xcode 'outputs' to avoid re-running this script phase.\necho \"SUCCESS\" > \"${SCRIPT_OUTPUT_FILE_0}\"\n";
			showEnvVarsInLog = 0;
		};
/* End PBXShellScriptBuildPhase section */

/* Begin PBXSourcesBuildPhase section */
		36319819221B6F5700006002 /* Sources */ = {
			isa = PBXSourcesBuildPhase;
			buildActionMask = 2147483647;
			files = (
				36319821221B6F5700006002 /* AppDelegate.swift in Sources */,
				362BD4BA221B8A5F006B010B /* CreateOrderDelegate.swift in Sources */,
				36563D51221B7EFF00FFA0DA /* CreateOrderViewController.swift in Sources */,
				36563D5B221B7F7D00FFA0DA /* ConfirmOrderViewController.swift in Sources */,
				36563D7F221B814B00FFA0DA /* ConfirmOrderOutputInteractorProtocol.swift in Sources */,
				362BD4BF221B8EDA006B010B /* ConfirmOrderFactory.swift in Sources */,
				36563D6F221B80C400FFA0DA /* CreateOrderPresenterProtocol.swift in Sources */,
				36563D55221B7F3F00FFA0DA /* CreateOrderInteractor.swift in Sources */,
				36563D75221B80EA00FFA0DA /* CreateOrderWireframeProtocol.swift in Sources */,
				36563D67221B802200FFA0DA /* ConfirmOrderPresenter.swift in Sources */,
				36563D7B221B812D00FFA0DA /* ConfirmOrderInputInteractorProtocol.swift in Sources */,
				36563D61221B800900FFA0DA /* CreateOrderEntity.swift in Sources */,
				36563D6B221B808F00FFA0DA /* ConfirmOrderRouter.swift in Sources */,
				36563D73221B80DF00FFA0DA /* CreateOrderOutputInteractorProtocol.swift in Sources */,
				36563D44221B7E3E00FFA0DA /* CodeView.swift in Sources */,
				36563D65221B801A00FFA0DA /* ConfirmOrderInteractor.swift in Sources */,
				36563D77221B811C00FFA0DA /* ConfirmOrderViewProtocol.swift in Sources */,
				36563D6D221B80B300FFA0DA /* CreateOrderViewProtocol.swift in Sources */,
				36563D5F221B800000FFA0DA /* CreateOrderPresenter.swift in Sources */,
				36563D63221B801000FFA0DA /* CreateOrderRouter.swift in Sources */,
				36563D53221B7F1E00FFA0DA /* CreateOrderView.swift in Sources */,
				36563D71221B80CF00FFA0DA /* CreateOrderInputInteractorProtocol.swift in Sources */,
				36563D81221B815500FFA0DA /* ConfirmOrderWireframeProtocol.swift in Sources */,
				36563D69221B808800FFA0DA /* ConfirmOrderEntity.swift in Sources */,
				362BD4BD221B8B97006B010B /* CreateOrderFactory.swift in Sources */,
				36563D5D221B7F8F00FFA0DA /* ConfirmOrderView.swift in Sources */,
				362BD4C3221B92E3006B010B /* ConfirmOrderDelegate.swift in Sources */,
				36563D79221B812400FFA0DA /* ConfirmOrderPresenterProtocol.swift in Sources */,
			);
			runOnlyForDeploymentPostprocessing = 0;
		};
/* End PBXSourcesBuildPhase section */

/* Begin PBXVariantGroup section */
		36319829221B6F5800006002 /* LaunchScreen.storyboard */ = {
			isa = PBXVariantGroup;
			children = (
				3631982A221B6F5800006002 /* Base */,
			);
			name = LaunchScreen.storyboard;
			sourceTree = "<group>";
		};
/* End PBXVariantGroup section */

/* Begin XCBuildConfiguration section */
		3631982D221B6F5800006002 /* Debug */ = {
			isa = XCBuildConfiguration;
			buildSettings = {
				ALWAYS_SEARCH_USER_PATHS = NO;
				CLANG_ANALYZER_NONNULL = YES;
				CLANG_ANALYZER_NUMBER_OBJECT_CONVERSION = YES_AGGRESSIVE;
				CLANG_CXX_LANGUAGE_STANDARD = "gnu++14";
				CLANG_CXX_LIBRARY = "libc++";
				CLANG_ENABLE_MODULES = YES;
				CLANG_ENABLE_OBJC_ARC = YES;
				CLANG_ENABLE_OBJC_WEAK = YES;
				CLANG_WARN_BLOCK_CAPTURE_AUTORELEASING = YES;
				CLANG_WARN_BOOL_CONVERSION = YES;
				CLANG_WARN_COMMA = YES;
				CLANG_WARN_CONSTANT_CONVERSION = YES;
				CLANG_WARN_DEPRECATED_OBJC_IMPLEMENTATIONS = YES;
				CLANG_WARN_DIRECT_OBJC_ISA_USAGE = YES_ERROR;
				CLANG_WARN_DOCUMENTATION_COMMENTS = YES;
				CLANG_WARN_EMPTY_BODY = YES;
				CLANG_WARN_ENUM_CONVERSION = YES;
				CLANG_WARN_INFINITE_RECURSION = YES;
				CLANG_WARN_INT_CONVERSION = YES;
				CLANG_WARN_NON_LITERAL_NULL_CONVERSION = YES;
				CLANG_WARN_OBJC_IMPLICIT_RETAIN_SELF = YES;
				CLANG_WARN_OBJC_LITERAL_CONVERSION = YES;
				CLANG_WARN_OBJC_ROOT_CLASS = YES_ERROR;
				CLANG_WARN_RANGE_LOOP_ANALYSIS = YES;
				CLANG_WARN_STRICT_PROTOTYPES = YES;
				CLANG_WARN_SUSPICIOUS_MOVE = YES;
				CLANG_WARN_UNGUARDED_AVAILABILITY = YES_AGGRESSIVE;
				CLANG_WARN_UNREACHABLE_CODE = YES;
				CLANG_WARN__DUPLICATE_METHOD_MATCH = YES;
				CODE_SIGN_IDENTITY = "iPhone Developer";
				COPY_PHASE_STRIP = NO;
				DEBUG_INFORMATION_FORMAT = dwarf;
				ENABLE_STRICT_OBJC_MSGSEND = YES;
				ENABLE_TESTABILITY = YES;
				GCC_C_LANGUAGE_STANDARD = gnu11;
				GCC_DYNAMIC_NO_PIC = NO;
				GCC_NO_COMMON_BLOCKS = YES;
				GCC_OPTIMIZATION_LEVEL = 0;
				GCC_PREPROCESSOR_DEFINITIONS = (
					"DEBUG=1",
					"$(inherited)",
				);
				GCC_WARN_64_TO_32_BIT_CONVERSION = YES;
				GCC_WARN_ABOUT_RETURN_TYPE = YES_ERROR;
				GCC_WARN_UNDECLARED_SELECTOR = YES;
				GCC_WARN_UNINITIALIZED_AUTOS = YES_AGGRESSIVE;
				GCC_WARN_UNUSED_FUNCTION = YES;
				GCC_WARN_UNUSED_VARIABLE = YES;
				IPHONEOS_DEPLOYMENT_TARGET = 12.1;
				MTL_ENABLE_DEBUG_INFO = INCLUDE_SOURCE;
				MTL_FAST_MATH = YES;
				ONLY_ACTIVE_ARCH = YES;
				SDKROOT = iphoneos;
				SWIFT_ACTIVE_COMPILATION_CONDITIONS = DEBUG;
				SWIFT_OPTIMIZATION_LEVEL = "-Onone";
			};
			name = Debug;
		};
		3631982E221B6F5800006002 /* Release */ = {
			isa = XCBuildConfiguration;
			buildSettings = {
				ALWAYS_SEARCH_USER_PATHS = NO;
				CLANG_ANALYZER_NONNULL = YES;
				CLANG_ANALYZER_NUMBER_OBJECT_CONVERSION = YES_AGGRESSIVE;
				CLANG_CXX_LANGUAGE_STANDARD = "gnu++14";
				CLANG_CXX_LIBRARY = "libc++";
				CLANG_ENABLE_MODULES = YES;
				CLANG_ENABLE_OBJC_ARC = YES;
				CLANG_ENABLE_OBJC_WEAK = YES;
				CLANG_WARN_BLOCK_CAPTURE_AUTORELEASING = YES;
				CLANG_WARN_BOOL_CONVERSION = YES;
				CLANG_WARN_COMMA = YES;
				CLANG_WARN_CONSTANT_CONVERSION = YES;
				CLANG_WARN_DEPRECATED_OBJC_IMPLEMENTATIONS = YES;
				CLANG_WARN_DIRECT_OBJC_ISA_USAGE = YES_ERROR;
				CLANG_WARN_DOCUMENTATION_COMMENTS = YES;
				CLANG_WARN_EMPTY_BODY = YES;
				CLANG_WARN_ENUM_CONVERSION = YES;
				CLANG_WARN_INFINITE_RECURSION = YES;
				CLANG_WARN_INT_CONVERSION = YES;
				CLANG_WARN_NON_LITERAL_NULL_CONVERSION = YES;
				CLANG_WARN_OBJC_IMPLICIT_RETAIN_SELF = YES;
				CLANG_WARN_OBJC_LITERAL_CONVERSION = YES;
				CLANG_WARN_OBJC_ROOT_CLASS = YES_ERROR;
				CLANG_WARN_RANGE_LOOP_ANALYSIS = YES;
				CLANG_WARN_STRICT_PROTOTYPES = YES;
				CLANG_WARN_SUSPICIOUS_MOVE = YES;
				CLANG_WARN_UNGUARDED_AVAILABILITY = YES_AGGRESSIVE;
				CLANG_WARN_UNREACHABLE_CODE = YES;
				CLANG_WARN__DUPLICATE_METHOD_MATCH = YES;
				CODE_SIGN_IDENTITY = "iPhone Developer";
				COPY_PHASE_STRIP = NO;
				DEBUG_INFORMATION_FORMAT = "dwarf-with-dsym";
				ENABLE_NS_ASSERTIONS = NO;
				ENABLE_STRICT_OBJC_MSGSEND = YES;
				GCC_C_LANGUAGE_STANDARD = gnu11;
				GCC_NO_COMMON_BLOCKS = YES;
				GCC_WARN_64_TO_32_BIT_CONVERSION = YES;
				GCC_WARN_ABOUT_RETURN_TYPE = YES_ERROR;
				GCC_WARN_UNDECLARED_SELECTOR = YES;
				GCC_WARN_UNINITIALIZED_AUTOS = YES_AGGRESSIVE;
				GCC_WARN_UNUSED_FUNCTION = YES;
				GCC_WARN_UNUSED_VARIABLE = YES;
				IPHONEOS_DEPLOYMENT_TARGET = 12.1;
				MTL_ENABLE_DEBUG_INFO = NO;
				MTL_FAST_MATH = YES;
				SDKROOT = iphoneos;
				SWIFT_COMPILATION_MODE = wholemodule;
				SWIFT_OPTIMIZATION_LEVEL = "-O";
				VALIDATE_PRODUCT = YES;
			};
			name = Release;
		};
		36319830221B6F5800006002 /* Debug */ = {
			isa = XCBuildConfiguration;
			baseConfigurationReference = 65B7915A965FE75CDAA10C81 /* Pods-Viper.debug.xcconfig */;
			buildSettings = {
				ASSETCATALOG_COMPILER_APPICON_NAME = AppIcon;
				CODE_SIGN_STYLE = Automatic;
				DEVELOPMENT_TEAM = G5J64VS4M5;
				INFOPLIST_FILE = Viper/Info.plist;
				LD_RUNPATH_SEARCH_PATHS = (
					"$(inherited)",
					"@executable_path/Frameworks",
				);
				PRODUCT_BUNDLE_IDENTIFIER = rachaus.Viper;
				PRODUCT_NAME = "$(TARGET_NAME)";
				SWIFT_VERSION = 4.2;
				TARGETED_DEVICE_FAMILY = "1,2";
			};
			name = Debug;
		};
		36319831221B6F5800006002 /* Release */ = {
			isa = XCBuildConfiguration;
			baseConfigurationReference = E40FAE1A84AB8C3FFF925AF5 /* Pods-Viper.release.xcconfig */;
			buildSettings = {
				ASSETCATALOG_COMPILER_APPICON_NAME = AppIcon;
				CODE_SIGN_STYLE = Automatic;
				DEVELOPMENT_TEAM = G5J64VS4M5;
				INFOPLIST_FILE = Viper/Info.plist;
				LD_RUNPATH_SEARCH_PATHS = (
					"$(inherited)",
					"@executable_path/Frameworks",
				);
				PRODUCT_BUNDLE_IDENTIFIER = rachaus.Viper;
				PRODUCT_NAME = "$(TARGET_NAME)";
				SWIFT_VERSION = 4.2;
				TARGETED_DEVICE_FAMILY = "1,2";
			};
			name = Release;
		};
/* End XCBuildConfiguration section */

/* Begin XCConfigurationList section */
		36319818221B6F5700006002 /* Build configuration list for PBXProject "Viper" */ = {
			isa = XCConfigurationList;
			buildConfigurations = (
				3631982D221B6F5800006002 /* Debug */,
				3631982E221B6F5800006002 /* Release */,
			);
			defaultConfigurationIsVisible = 0;
			defaultConfigurationName = Release;
		};
		3631982F221B6F5800006002 /* Build configuration list for PBXNativeTarget "Viper" */ = {
			isa = XCConfigurationList;
			buildConfigurations = (
				36319830221B6F5800006002 /* Debug */,
				36319831221B6F5800006002 /* Release */,
			);
			defaultConfigurationIsVisible = 0;
			defaultConfigurationName = Release;
		};
/* End XCConfigurationList section */
	};
	rootObject = 36319815221B6F5700006002 /* Project object */;
}
